
Microsoft Visual Studio Solution File, Format Version 12.00
Project("{FAE04EC0-301F-11D3-BF4B-00C04F79EFBC}") = "WpfComgr", "WpfComgr\WpfComgr.csproj", "{78A21855-387A-47DB-8660-621ED13DA887}"
EndProject
Global
	GlobalSection(SolutionConfigurationPlatforms) = preSolution
		Debug|Any CPU = Debug|Any CPU
		Release|Any CPU = Release|Any CPU
	EndGlobalSection
	GlobalSection(ProjectConfigurationPlatforms) = postSolution
		{78A21855-387A-47DB-8660-621ED13DA887}.Debug|Any CPU.ActiveCfg = Debug|Any CPU
		{78A21855-387A-47DB-8660-621ED13DA887}.Debug|Any CPU.Build.0 = Debug|Any CPU
		{78A21855-387A-47DB-8660-621ED13DA887}.Release|Any CPU.ActiveCfg = Release|Any CPU
		{78A21855-387A-47DB-8660-621ED13DA887}.Release|Any CPU.Build.0 = Release|Any CPU
	EndGlobalSection
EndGlobal
